
Microsoft Visual Studio Solution File, Format Version 12.00
# Visual Studio 2013
VisualStudioVersion = 12.0.31101.0
MinimumVisualStudioVersion = 10.0.40219.1
Project("{FAE04EC0-301F-11D3-BF4B-00C04F79EFBC}") = "WebApiGen", "WebApiGen\WebApiGen.csproj", "{55C7E52B-6733-4212-B895-AE0C000D8297}"
EndProject
Project("{FAE04EC0-301F-11D3-BF4B-00C04F79EFBC}") = "ReferenceApp", "ReferenceApp\ReferenceApp.csproj", "{A2A10535-F6F0-41E7-9AFB-95A2E9F6B5C5}"
EndProject
Project("{FAE04EC0-301F-11D3-BF4B-00C04F79EFBC}") = "SwaggerGen", "SwaggerGen\SwaggerGen.csproj", "{134B717B-0A02-48C4-9348-940486E2A4BC}"
EndProject
Project("{FAE04EC0-301F-11D3-BF4B-00C04F79EFBC}") = "RestGen", "RestGen\RestGen.csproj", "{F9F1042E-2E1D-45E4-BB9E-790A96CD22F4}"
EndProject
Project("{FAE04EC0-301F-11D3-BF4B-00C04F79EFBC}") = "RestGen.Swagger", "RestGen.Swagger\RestGen.Swagger.csproj", "{762A2BF1-DE1F-43C9-95C4-20EF32FB0750}"
EndProject
Project("{FAE04EC0-301F-11D3-BF4B-00C04F79EFBC}") = "RestGen.Tests", "RestGen.Tests\RestGen.Tests.csproj", "{62D7D412-5E35-48D8-9030-26488445EEC2}"
EndProject
Project("{FAE04EC0-301F-11D3-BF4B-00C04F79EFBC}") = "RestGen.Lang.Typescript", "RestGen.Lang.Typescript\RestGen.Lang.Typescript.csproj", "{4929D2F8-9982-46E2-80ED-2EF2F54FA669}"
EndProject
Project("{FAE04EC0-301F-11D3-BF4B-00C04F79EFBC}") = "RestGen.AspNet", "RestGen.AspNet\RestGen.AspNet.csproj", "{A9106026-DA71-4CA9-858A-D3FCADD0B2E4}"
EndProject
Project("{FAE04EC0-301F-11D3-BF4B-00C04F79EFBC}") = "RestGen.Lang.JavaScript", "RestGen.Lang.JavaScript\RestGen.Lang.JavaScript.csproj", "{BCA61AA6-C84E-4B19-8E08-0DFC1A25F13F}"
EndProject
Global
	GlobalSection(SolutionConfigurationPlatforms) = preSolution
		Debug|Any CPU = Debug|Any CPU
		Release|Any CPU = Release|Any CPU
	EndGlobalSection
	GlobalSection(ProjectConfigurationPlatforms) = postSolution
		{55C7E52B-6733-4212-B895-AE0C000D8297}.Debug|Any CPU.ActiveCfg = Debug|Any CPU
		{55C7E52B-6733-4212-B895-AE0C000D8297}.Debug|Any CPU.Build.0 = Debug|Any CPU
		{55C7E52B-6733-4212-B895-AE0C000D8297}.Release|Any CPU.ActiveCfg = Release|Any CPU
		{55C7E52B-6733-4212-B895-AE0C000D8297}.Release|Any CPU.Build.0 = Release|Any CPU
		{A2A10535-F6F0-41E7-9AFB-95A2E9F6B5C5}.Debug|Any CPU.ActiveCfg = Debug|Any CPU
		{A2A10535-F6F0-41E7-9AFB-95A2E9F6B5C5}.Debug|Any CPU.Build.0 = Debug|Any CPU
		{A2A10535-F6F0-41E7-9AFB-95A2E9F6B5C5}.Release|Any CPU.ActiveCfg = Release|Any CPU
		{A2A10535-F6F0-41E7-9AFB-95A2E9F6B5C5}.Release|Any CPU.Build.0 = Release|Any CPU
		{134B717B-0A02-48C4-9348-940486E2A4BC}.Debug|Any CPU.ActiveCfg = Debug|Any CPU
		{134B717B-0A02-48C4-9348-940486E2A4BC}.Debug|Any CPU.Build.0 = Debug|Any CPU
		{134B717B-0A02-48C4-9348-940486E2A4BC}.Release|Any CPU.ActiveCfg = Release|Any CPU
		{134B717B-0A02-48C4-9348-940486E2A4BC}.Release|Any CPU.Build.0 = Release|Any CPU
		{F9F1042E-2E1D-45E4-BB9E-790A96CD22F4}.Debug|Any CPU.ActiveCfg = Debug|Any CPU
		{F9F1042E-2E1D-45E4-BB9E-790A96CD22F4}.Debug|Any CPU.Build.0 = Debug|Any CPU
		{F9F1042E-2E1D-45E4-BB9E-790A96CD22F4}.Release|Any CPU.ActiveCfg = Release|Any CPU
		{F9F1042E-2E1D-45E4-BB9E-790A96CD22F4}.Release|Any CPU.Build.0 = Release|Any CPU
		{762A2BF1-DE1F-43C9-95C4-20EF32FB0750}.Debug|Any CPU.ActiveCfg = Debug|Any CPU
		{762A2BF1-DE1F-43C9-95C4-20EF32FB0750}.Debug|Any CPU.Build.0 = Debug|Any CPU
		{762A2BF1-DE1F-43C9-95C4-20EF32FB0750}.Release|Any CPU.ActiveCfg = Release|Any CPU
		{762A2BF1-DE1F-43C9-95C4-20EF32FB0750}.Release|Any CPU.Build.0 = Release|Any CPU
		{62D7D412-5E35-48D8-9030-26488445EEC2}.Debug|Any CPU.ActiveCfg = Debug|Any CPU
		{62D7D412-5E35-48D8-9030-26488445EEC2}.Debug|Any CPU.Build.0 = Debug|Any CPU
		{62D7D412-5E35-48D8-9030-26488445EEC2}.Release|Any CPU.ActiveCfg = Release|Any CPU
		{62D7D412-5E35-48D8-9030-26488445EEC2}.Release|Any CPU.Build.0 = Release|Any CPU
		{4929D2F8-9982-46E2-80ED-2EF2F54FA669}.Debug|Any CPU.ActiveCfg = Debug|Any CPU
		{4929D2F8-9982-46E2-80ED-2EF2F54FA669}.Debug|Any CPU.Build.0 = Debug|Any CPU
		{4929D2F8-9982-46E2-80ED-2EF2F54FA669}.Release|Any CPU.ActiveCfg = Release|Any CPU
		{4929D2F8-9982-46E2-80ED-2EF2F54FA669}.Release|Any CPU.Build.0 = Release|Any CPU
		{A9106026-DA71-4CA9-858A-D3FCADD0B2E4}.Debug|Any CPU.ActiveCfg = Debug|Any CPU
		{A9106026-DA71-4CA9-858A-D3FCADD0B2E4}.Debug|Any CPU.Build.0 = Debug|Any CPU
		{A9106026-DA71-4CA9-858A-D3FCADD0B2E4}.Release|Any CPU.ActiveCfg = Release|Any CPU
		{A9106026-DA71-4CA9-858A-D3FCADD0B2E4}.Release|Any CPU.Build.0 = Release|Any CPU
		{BCA61AA6-C84E-4B19-8E08-0DFC1A25F13F}.Debug|Any CPU.ActiveCfg = Debug|Any CPU
		{BCA61AA6-C84E-4B19-8E08-0DFC1A25F13F}.Debug|Any CPU.Build.0 = Debug|Any CPU
		{BCA61AA6-C84E-4B19-8E08-0DFC1A25F13F}.Release|Any CPU.ActiveCfg = Release|Any CPU
		{BCA61AA6-C84E-4B19-8E08-0DFC1A25F13F}.Release|Any CPU.Build.0 = Release|Any CPU
	EndGlobalSection
	GlobalSection(SolutionProperties) = preSolution
		HideSolutionNode = FALSE
	EndGlobalSection
EndGlobal
